
Microsoft Visual Studio Solution File, Format Version 12.00
# Visual Studio Version 17
VisualStudioVersion = 17.0.31903.59
MinimumVisualStudioVersion = 10.0.40219.1
Project("{2150E333-8FDC-42A3-9474-1A3956D46DE8}") = "src", "src", "{4EE50F75-AF98-40BC-9D9F-F581158BDFA6}"
EndProject
Project("{FAE04EC0-301F-11D3-BF4B-00C04F79EFBC}") = "ArkhivRobit", "src\ArkhivRobit\ArkhivRobit.csproj", "{2D2785B6-BC3E-4968-9E08-CC9F0D11A54F}"
EndProject
Project("{2150E333-8FDC-42A3-9474-1A3956D46DE8}") = "tests", "tests", "{190D1B29-1CBA-42BD-BA1B-7EEF4213DF4A}"
EndProject
Project("{FAE04EC0-301F-11D3-BF4B-00C04F79EFBC}") = "ArkhivRobit.Tests", "tests\ArkhivRobit.Tests\ArkhivRobit.Tests.csproj", "{DC063D0B-BEEB-42DE-BFE5-46643ACDC9E4}"
EndProject
Global
	GlobalSection(SolutionConfigurationPlatforms) = preSolution
		Debug|Any CPU = Debug|Any CPU
		Release|Any CPU = Release|Any CPU
	EndGlobalSection
	GlobalSection(SolutionProperties) = preSolution
		HideSolutionNode = FALSE
	EndGlobalSection
	GlobalSection(ProjectConfigurationPlatforms) = postSolution
		{2D2785B6-BC3E-4968-9E08-CC9F0D11A54F}.Debug|Any CPU.ActiveCfg = Debug|Any CPU
		{2D2785B6-BC3E-4968-9E08-CC9F0D11A54F}.Debug|Any CPU.Build.0 = Debug|Any CPU
		{2D2785B6-BC3E-4968-9E08-CC9F0D11A54F}.Release|Any CPU.ActiveCfg = Release|Any CPU
		{2D2785B6-BC3E-4968-9E08-CC9F0D11A54F}.Release|Any CPU.Build.0 = Release|Any CPU
		{DC063D0B-BEEB-42DE-BFE5-46643ACDC9E4}.Debug|Any CPU.ActiveCfg = Debug|Any CPU
		{DC063D0B-BEEB-42DE-BFE5-46643ACDC9E4}.Debug|Any CPU.Build.0 = Debug|Any CPU
		{DC063D0B-BEEB-42DE-BFE5-46643ACDC9E4}.Release|Any CPU.ActiveCfg = Release|Any CPU
		{DC063D0B-BEEB-42DE-BFE5-46643ACDC9E4}.Release|Any CPU.Build.0 = Release|Any CPU
	EndGlobalSection
	GlobalSection(NestedProjects) = preSolution
		{2D2785B6-BC3E-4968-9E08-CC9F0D11A54F} = {4EE50F75-AF98-40BC-9D9F-F581158BDFA6}
		{DC063D0B-BEEB-42DE-BFE5-46643ACDC9E4} = {190D1B29-1CBA-42BD-BA1B-7EEF4213DF4A}
	EndGlobalSection
EndGlobal
